{
  "pins" : [
    {
      "identity" : "s2j-about-window",
      "kind" : "remoteSourceControl",
      "location" : "https://github.com/stein2nd/s2j-about-window.git",
      "state" : {
        "branch" : "main",
        "revision" : "22272eb341471d8b6751fa81035a458457e5c10f"
      }
    },
    {
      "identity" : "s2j-source-list",
      "kind" : "remoteSourceControl",
      "location" : "https://github.com/stein2nd/s2j-source-list.git",
      "state" : {
        "branch" : "main",
        "revision" : "54b75a4b454d4eff9811eb118d66c231aa8d0299"
      }
    }
  ],
  "version" : 2
}
