{
  "originHash" : "1c0a60d44c2849cc33107a00df9850e2714d1e883a58d4a2fb572381699f02fb",
  "pins" : [
    {
      "identity" : "s2j-about-window",
      "kind" : "remoteSourceControl",
      "location" : "https://github.com/stein2nd/s2j-about-window.git",
      "state" : {
        "branch" : "main",
        "revision" : "0e3b6c0fe7b9221439a3814091c50d9fd0a42cf9"
      }
    },
    {
      "identity" : "s2j-source-list",
      "kind" : "remoteSourceControl",
      "location" : "https://github.com/stein2nd/s2j-source-list.git",
      "state" : {
        "branch" : "main",
        "revision" : "54b75a4b454d4eff9811eb118d66c231aa8d0299"
      }
    }
  ],
  "version" : 3
}
