{
  "originHash" : "1c0a60d44c2849cc33107a00df9850e2714d1e883a58d4a2fb572381699f02fb",
  "pins" : [
    {
      "identity" : "s2j-about-window",
      "kind" : "remoteSourceControl",
      "location" : "https://github.com/stein2nd/s2j-about-window.git",
      "state" : {
        "branch" : "main",
        "revision" : "4f8e4726585ec09a04bbf04853006ac42e17ff98"
      }
    },
    {
      "identity" : "s2j-source-list",
      "kind" : "remoteSourceControl",
      "location" : "https://github.com/stein2nd/s2j-source-list.git",
      "state" : {
        "branch" : "main",
        "revision" : "d00ecb71722499da601a2643c163f2199180e134"
      }
    }
  ],
  "version" : 3
}
